// !$*UTF8*$!
{
	archiveVersion = 1;
	classes = {
	};
	objectVersion = 51;
	objects = {

/* Begin PBXBuildFile section */
		370835547BC3275CCB10032D /* Pods_SwiftUI_TodoList_Firebase.framework in Frameworks */ = {isa = PBXBuildFile; fileRef = 84A1CF2C06AAD080B23BB316 /* Pods_SwiftUI_TodoList_Firebase.framework */; };
		AB4AABD6257ED6100004EC58 /* TodoItems.swift in Sources */ = {isa = PBXBuildFile; fileRef = AB4AABD5257ED6100004EC58 /* TodoItems.swift */; };
		AB4AABD9257ED7500004EC58 /* TodoItemsVM.swift in Sources */ = {isa = PBXBuildFile; fileRef = AB4AABD8257ED7500004EC58 /* TodoItemsVM.swift */; };
		AB4AABDC257ED7B30004EC58 /* TodoItemModel.swift in Sources */ = {isa = PBXBuildFile; fileRef = AB4AABDB257ED7B30004EC58 /* TodoItemModel.swift */; };
		AB4AABE8257F71FE0004EC58 /* HeaderView.swift in Sources */ = {isa = PBXBuildFile; fileRef = AB4AABE7257F71FE0004EC58 /* HeaderView.swift */; };
		AB4AABEB257F79DC0004EC58 /* ButtonView.swift in Sources */ = {isa = PBXBuildFile; fileRef = AB4AABEA257F79DC0004EC58 /* ButtonView.swift */; };
		AB4AABEF257F7AD80004EC58 /* IconView.swift in Sources */ = {isa = PBXBuildFile; fileRef = AB4AABEE257F7AD80004EC58 /* IconView.swift */; };
		AB4AABF2257F921E0004EC58 /* CustomTabSwitcher.swift in Sources */ = {isa = PBXBuildFile; fileRef = AB4AABF1257F921E0004EC58 /* CustomTabSwitcher.swift */; };
		AB4AAC50257FDA1D0004EC58 /* TodoListIndexView.swift in Sources */ = {isa = PBXBuildFile; fileRef = AB4AAC4F257FDA1D0004EC58 /* TodoListIndexView.swift */; };
		AB4AAC54257FF3D20004EC58 /* TodoItemForm.swift in Sources */ = {isa = PBXBuildFile; fileRef = AB4AAC53257FF3D20004EC58 /* TodoItemForm.swift */; };
		AB4AAC7A258023ED0004EC58 /* TodoItemCheckBox.swift in Sources */ = {isa = PBXBuildFile; fileRef = AB4AAC79258023ED0004EC58 /* TodoItemCheckBox.swift */; };
		AB747452257A613400D2A534 /* AppDelegate.swift in Sources */ = {isa = PBXBuildFile; fileRef = AB747451257A613400D2A534 /* AppDelegate.swift */; };
		AB747454257A613400D2A534 /* SceneDelegate.swift in Sources */ = {isa = PBXBuildFile; fileRef = AB747453257A613400D2A534 /* SceneDelegate.swift */; };
		AB747456257A613400D2A534 /* HomeView.swift in Sources */ = {isa = PBXBuildFile; fileRef = AB747455257A613400D2A534 /* HomeView.swift */; };
		AB747458257A613800D2A534 /* Assets.xcassets in Resources */ = {isa = PBXBuildFile; fileRef = AB747457257A613800D2A534 /* Assets.xcassets */; };
		AB74745B257A613800D2A534 /* Preview Assets.xcassets in Resources */ = {isa = PBXBuildFile; fileRef = AB74745A257A613800D2A534 /* Preview Assets.xcassets */; };
		AB74745E257A613800D2A534 /* LaunchScreen.storyboard in Resources */ = {isa = PBXBuildFile; fileRef = AB74745C257A613800D2A534 /* LaunchScreen.storyboard */; };
		AB747469257A61DA00D2A534 /* todoListIndex.swift in Sources */ = {isa = PBXBuildFile; fileRef = AB747468257A61DA00D2A534 /* todoListIndex.swift */; };
		AB747471257A627200D2A534 /* TodoModel.swift in Sources */ = {isa = PBXBuildFile; fileRef = AB74746D257A627200D2A534 /* TodoModel.swift */; };
		AB747472257A627200D2A534 /* TodoListCheckBox.swift in Sources */ = {isa = PBXBuildFile; fileRef = AB74746E257A627200D2A534 /* TodoListCheckBox.swift */; };
		AB747473257A627200D2A534 /* TodoVM.swift in Sources */ = {isa = PBXBuildFile; fileRef = AB74746F257A627200D2A534 /* TodoVM.swift */; };
		AB747476257A6B5D00D2A534 /* TodoListForm.swift in Sources */ = {isa = PBXBuildFile; fileRef = AB747475257A6B5D00D2A534 /* TodoListForm.swift */; };
		AB74747A257A6BED00D2A534 /* Constant.swift in Sources */ = {isa = PBXBuildFile; fileRef = AB747479257A6BED00D2A534 /* Constant.swift */; };
		AB747484257AC24200D2A534 /* FileStorage.swift in Sources */ = {isa = PBXBuildFile; fileRef = AB747482257AC24100D2A534 /* FileStorage.swift */; };
		AB747485257AC24200D2A534 /* FirebaseReference.swift in Sources */ = {isa = PBXBuildFile; fileRef = AB747483257AC24200D2A534 /* FirebaseReference.swift */; };
		AB747488257AC25700D2A534 /* Extension.swift in Sources */ = {isa = PBXBuildFile; fileRef = AB747487257AC25700D2A534 /* Extension.swift */; };
		AB7474A1257AC42300D2A534 /* GoogleService-Info.plist in Resources */ = {isa = PBXBuildFile; fileRef = AB7474A0257AC42300D2A534 /* GoogleService-Info.plist */; };
		ABCB2618257CE53E00AAFF51 /* UserModel.swift in Sources */ = {isa = PBXBuildFile; fileRef = ABCB2617257CE53E00AAFF51 /* UserModel.swift */; };
		ABCB261C257CE84F00AAFF51 /* UserVM.swift in Sources */ = {isa = PBXBuildFile; fileRef = ABCB261B257CE84F00AAFF51 /* UserVM.swift */; };
		ABCB2622257CEE9F00AAFF51 /* AuthenticationVeiw.swift in Sources */ = {isa = PBXBuildFile; fileRef = ABCB261E257CEE9D00AAFF51 /* AuthenticationVeiw.swift */; };
		ABCB2623257CEE9F00AAFF51 /* ProfileSetting.swift in Sources */ = {isa = PBXBuildFile; fileRef = ABCB261F257CEE9D00AAFF51 /* ProfileSetting.swift */; };
		ABCB2624257CEE9F00AAFF51 /* LoginView.swift in Sources */ = {isa = PBXBuildFile; fileRef = ABCB2620257CEE9E00AAFF51 /* LoginView.swift */; };
		ABCB2625257CEE9F00AAFF51 /* SignupView.swift in Sources */ = {isa = PBXBuildFile; fileRef = ABCB2621257CEE9F00AAFF51 /* SignupView.swift */; };
		ABCB2629257D63E900AAFF51 /* ShowInfoView.swift in Sources */ = {isa = PBXBuildFile; fileRef = ABCB2628257D63E900AAFF51 /* ShowInfoView.swift */; };
		ABCB262D257E1C8A00AAFF51 /* showInfoVM.swift in Sources */ = {isa = PBXBuildFile; fileRef = ABCB262C257E1C8A00AAFF51 /* showInfoVM.swift */; };
/* End PBXBuildFile section */

/* Begin PBXFileReference section */
		6F3EFFFCA4BFBE3C81BD83BC /* Pods-SwiftUI-TodoList-Firebase.debug.xcconfig */ = {isa = PBXFileReference; includeInIndex = 1; lastKnownFileType = text.xcconfig; name = "Pods-SwiftUI-TodoList-Firebase.debug.xcconfig"; path = "Target Support Files/Pods-SwiftUI-TodoList-Firebase/Pods-SwiftUI-TodoList-Firebase.debug.xcconfig"; sourceTree = "<group>"; };
		72C54CE1FD81D51D40481A95 /* Pods-SwiftUI-TodoList-Firebase.release.xcconfig */ = {isa = PBXFileReference; includeInIndex = 1; lastKnownFileType = text.xcconfig; name = "Pods-SwiftUI-TodoList-Firebase.release.xcconfig"; path = "Target Support Files/Pods-SwiftUI-TodoList-Firebase/Pods-SwiftUI-TodoList-Firebase.release.xcconfig"; sourceTree = "<group>"; };
		84A1CF2C06AAD080B23BB316 /* Pods_SwiftUI_TodoList_Firebase.framework */ = {isa = PBXFileReference; explicitFileType = wrapper.framework; includeInIndex = 0; path = Pods_SwiftUI_TodoList_Firebase.framework; sourceTree = BUILT_PRODUCTS_DIR; };
		AB4AABD5257ED6100004EC58 /* TodoItems.swift */ = {isa = PBXFileReference; lastKnownFileType = sourcecode.swift; path = TodoItems.swift; sourceTree = "<group>"; };
		AB4AABD8257ED7500004EC58 /* TodoItemsVM.swift */ = {isa = PBXFileReference; lastKnownFileType = sourcecode.swift; path = TodoItemsVM.swift; sourceTree = "<group>"; };
		AB4AABDB257ED7B30004EC58 /* TodoItemModel.swift */ = {isa = PBXFileReference; lastKnownFileType = sourcecode.swift; path = TodoItemModel.swift; sourceTree = "<group>"; };
		AB4AABE7257F71FE0004EC58 /* HeaderView.swift */ = {isa = PBXFileReference; lastKnownFileType = sourcecode.swift; path = HeaderView.swift; sourceTree = "<group>"; };
		AB4AABEA257F79DC0004EC58 /* ButtonView.swift */ = {isa = PBXFileReference; lastKnownFileType = sourcecode.swift; path = ButtonView.swift; sourceTree = "<group>"; };
		AB4AABEE257F7AD80004EC58 /* IconView.swift */ = {isa = PBXFileReference; lastKnownFileType = sourcecode.swift; path = IconView.swift; sourceTree = "<group>"; };
		AB4AABF1257F921E0004EC58 /* CustomTabSwitcher.swift */ = {isa = PBXFileReference; lastKnownFileType = sourcecode.swift; path = CustomTabSwitcher.swift; sourceTree = "<group>"; };
		AB4AAC4F257FDA1D0004EC58 /* TodoListIndexView.swift */ = {isa = PBXFileReference; lastKnownFileType = sourcecode.swift; path = TodoListIndexView.swift; sourceTree = "<group>"; };
		AB4AAC53257FF3D20004EC58 /* TodoItemForm.swift */ = {isa = PBXFileReference; lastKnownFileType = sourcecode.swift; path = TodoItemForm.swift; sourceTree = "<group>"; };
		AB4AAC79258023ED0004EC58 /* TodoItemCheckBox.swift */ = {isa = PBXFileReference; lastKnownFileType = sourcecode.swift; path = TodoItemCheckBox.swift; sourceTree = "<group>"; };
		AB74744E257A613400D2A534 /* SwiftUI-TodoList-Firebase.app */ = {isa = PBXFileReference; explicitFileType = wrapper.application; includeInIndex = 0; path = "SwiftUI-TodoList-Firebase.app"; sourceTree = BUILT_PRODUCTS_DIR; };
		AB747451257A613400D2A534 /* AppDelegate.swift */ = {isa = PBXFileReference; lastKnownFileType = sourcecode.swift; path = AppDelegate.swift; sourceTree = "<group>"; };
		AB747453257A613400D2A534 /* SceneDelegate.swift */ = {isa = PBXFileReference; lastKnownFileType = sourcecode.swift; path = SceneDelegate.swift; sourceTree = "<group>"; };
		AB747455257A613400D2A534 /* HomeView.swift */ = {isa = PBXFileReference; lastKnownFileType = sourcecode.swift; path = HomeView.swift; sourceTree = "<group>"; };
		AB747457257A613800D2A534 /* Assets.xcassets */ = {isa = PBXFileReference; lastKnownFileType = folder.assetcatalog; path = Assets.xcassets; sourceTree = "<group>"; };
		AB74745A257A613800D2A534 /* Preview Assets.xcassets */ = {isa = PBXFileReference; lastKnownFileType = folder.assetcatalog; path = "Preview Assets.xcassets"; sourceTree = "<group>"; };
		AB74745D257A613800D2A534 /* Base */ = {isa = PBXFileReference; lastKnownFileType = file.storyboard; name = Base; path = Base.lproj/LaunchScreen.storyboard; sourceTree = "<group>"; };
		AB74745F257A613800D2A534 /* Info.plist */ = {isa = PBXFileReference; lastKnownFileType = text.plist.xml; path = Info.plist; sourceTree = "<group>"; };
		AB747468257A61DA00D2A534 /* todoListIndex.swift */ = {isa = PBXFileReference; lastKnownFileType = sourcecode.swift; path = todoListIndex.swift; sourceTree = "<group>"; };
		AB74746D257A627200D2A534 /* TodoModel.swift */ = {isa = PBXFileReference; fileEncoding = 4; lastKnownFileType = sourcecode.swift; path = TodoModel.swift; sourceTree = "<group>"; };
		AB74746E257A627200D2A534 /* TodoListCheckBox.swift */ = {isa = PBXFileReference; fileEncoding = 4; lastKnownFileType = sourcecode.swift; path = TodoListCheckBox.swift; sourceTree = "<group>"; };
		AB74746F257A627200D2A534 /* TodoVM.swift */ = {isa = PBXFileReference; fileEncoding = 4; lastKnownFileType = sourcecode.swift; path = TodoVM.swift; sourceTree = "<group>"; };
		AB747475257A6B5D00D2A534 /* TodoListForm.swift */ = {isa = PBXFileReference; lastKnownFileType = sourcecode.swift; path = TodoListForm.swift; sourceTree = "<group>"; };
		AB747479257A6BED00D2A534 /* Constant.swift */ = {isa = PBXFileReference; lastKnownFileType = sourcecode.swift; path = Constant.swift; sourceTree = "<group>"; };
		AB747482257AC24100D2A534 /* FileStorage.swift */ = {isa = PBXFileReference; fileEncoding = 4; lastKnownFileType = sourcecode.swift; path = FileStorage.swift; sourceTree = "<group>"; };
		AB747483257AC24200D2A534 /* FirebaseReference.swift */ = {isa = PBXFileReference; fileEncoding = 4; lastKnownFileType = sourcecode.swift; path = FirebaseReference.swift; sourceTree = "<group>"; };
		AB747487257AC25700D2A534 /* Extension.swift */ = {isa = PBXFileReference; fileEncoding = 4; lastKnownFileType = sourcecode.swift; path = Extension.swift; sourceTree = "<group>"; };
		AB7474A0257AC42300D2A534 /* GoogleService-Info.plist */ = {isa = PBXFileReference; fileEncoding = 4; lastKnownFileType = text.plist.xml; path = "GoogleService-Info.plist"; sourceTree = "<group>"; };
		ABCB2617257CE53E00AAFF51 /* UserModel.swift */ = {isa = PBXFileReference; lastKnownFileType = sourcecode.swift; path = UserModel.swift; sourceTree = "<group>"; };
		ABCB261B257CE84F00AAFF51 /* UserVM.swift */ = {isa = PBXFileReference; lastKnownFileType = sourcecode.swift; path = UserVM.swift; sourceTree = "<group>"; };
		ABCB261E257CEE9D00AAFF51 /* AuthenticationVeiw.swift */ = {isa = PBXFileReference; fileEncoding = 4; lastKnownFileType = sourcecode.swift; path = AuthenticationVeiw.swift; sourceTree = "<group>"; };
		ABCB261F257CEE9D00AAFF51 /* ProfileSetting.swift */ = {isa = PBXFileReference; fileEncoding = 4; lastKnownFileType = sourcecode.swift; path = ProfileSetting.swift; sourceTree = "<group>"; };
		ABCB2620257CEE9E00AAFF51 /* LoginView.swift */ = {isa = PBXFileReference; fileEncoding = 4; lastKnownFileType = sourcecode.swift; path = LoginView.swift; sourceTree = "<group>"; };
		ABCB2621257CEE9F00AAFF51 /* SignupView.swift */ = {isa = PBXFileReference; fileEncoding = 4; lastKnownFileType = sourcecode.swift; path = SignupView.swift; sourceTree = "<group>"; };
		ABCB2628257D63E900AAFF51 /* ShowInfoView.swift */ = {isa = PBXFileReference; lastKnownFileType = sourcecode.swift; path = ShowInfoView.swift; sourceTree = "<group>"; };
		ABCB262C257E1C8A00AAFF51 /* showInfoVM.swift */ = {isa = PBXFileReference; lastKnownFileType = sourcecode.swift; path = showInfoVM.swift; sourceTree = "<group>"; };
/* End PBXFileReference section */

/* Begin PBXFrameworksBuildPhase section */
		AB74744B257A613400D2A534 /* Frameworks */ = {
			isa = PBXFrameworksBuildPhase;
			buildActionMask = 2147483647;
			files = (
				370835547BC3275CCB10032D /* Pods_SwiftUI_TodoList_Firebase.framework in Frameworks */,
			);
			runOnlyForDeploymentPostprocessing = 0;
		};
/* End PBXFrameworksBuildPhase section */

/* Begin PBXGroup section */
		AB4AAC4E257FD9F80004EC58 /* TempFiles */ = {
			isa = PBXGroup;
			children = (
				AB4AAC4F257FDA1D0004EC58 /* TodoListIndexView.swift */,
			);
			path = TempFiles;
			sourceTree = "<group>";
		};
		AB747445257A613400D2A534 = {
			isa = PBXGroup;
			children = (
				AB747450257A613400D2A534 /* SwiftUI-TodoList-Firebase */,
				AB74744F257A613400D2A534 /* Products */,
				B10F02E7040815E476C09207 /* Pods */,
				DE83D278D12B2C105BD73E33 /* Frameworks */,
			);
			sourceTree = "<group>";
		};
		AB74744F257A613400D2A534 /* Products */ = {
			isa = PBXGroup;
			children = (
				AB74744E257A613400D2A534 /* SwiftUI-TodoList-Firebase.app */,
			);
			name = Products;
			sourceTree = "<group>";
		};
		AB747450257A613400D2A534 /* SwiftUI-TodoList-Firebase */ = {
			isa = PBXGroup;
			children = (
				AB4AAC4E257FD9F80004EC58 /* TempFiles */,
				AB74747E257A7F0100D2A534 /* Model */,
				ABCB2627257D63C500AAFF51 /* HelperView */,
				AB747478257A6BD600D2A534 /* Helpers */,
				ABCB2616257CE52700AAFF51 /* User */,
				AB747467257A616900D2A534 /* TodoList */,
				AB747455257A613400D2A534 /* HomeView.swift */,
				AB74745F257A613800D2A534 /* Info.plist */,
				AB747466257A614300D2A534 /* Share */,
				AB747459257A613800D2A534 /* Preview Content */,
			);
			path = "SwiftUI-TodoList-Firebase";
			sourceTree = "<group>";
		};
		AB747459257A613800D2A534 /* Preview Content */ = {
			isa = PBXGroup;
			children = (
				AB74745A257A613800D2A534 /* Preview Assets.xcassets */,
			);
			path = "Preview Content";
			sourceTree = "<group>";
		};
		AB747466257A614300D2A534 /* Share */ = {
			isa = PBXGroup;
			children = (
				AB7474A0257AC42300D2A534 /* GoogleService-Info.plist */,
				AB747451257A613400D2A534 /* AppDelegate.swift */,
				AB747453257A613400D2A534 /* SceneDelegate.swift */,
				AB747457257A613800D2A534 /* Assets.xcassets */,
				AB74745C257A613800D2A534 /* LaunchScreen.storyboard */,
			);
			path = Share;
			sourceTree = "<group>";
		};
		AB747467257A616900D2A534 /* TodoList */ = {
			isa = PBXGroup;
			children = (
				AB74746F257A627200D2A534 /* TodoVM.swift */,
				AB747468257A61DA00D2A534 /* todoListIndex.swift */,
				AB747475257A6B5D00D2A534 /* TodoListForm.swift */,
				AB74746E257A627200D2A534 /* TodoListCheckBox.swift */,
				AB4AABD5257ED6100004EC58 /* TodoItems.swift */,
				AB4AABD8257ED7500004EC58 /* TodoItemsVM.swift */,
				AB4AAC53257FF3D20004EC58 /* TodoItemForm.swift */,
				AB4AAC79258023ED0004EC58 /* TodoItemCheckBox.swift */,
			);
			path = TodoList;
			sourceTree = "<group>";
		};
		AB747478257A6BD600D2A534 /* Helpers */ = {
			isa = PBXGroup;
			children = (
				AB747481257AC20D00D2A534 /* FirebaseListeners */,
				AB747479257A6BED00D2A534 /* Constant.swift */,
				AB747487257AC25700D2A534 /* Extension.swift */,
			);
			path = Helpers;
			sourceTree = "<group>";
		};
		AB74747E257A7F0100D2A534 /* Model */ = {
			isa = PBXGroup;
			children = (
				AB74746D257A627200D2A534 /* TodoModel.swift */,
				ABCB2617257CE53E00AAFF51 /* UserModel.swift */,
				AB4AABDB257ED7B30004EC58 /* TodoItemModel.swift */,
			);
			path = Model;
			sourceTree = "<group>";
		};
		AB747481257AC20D00D2A534 /* FirebaseListeners */ = {
			isa = PBXGroup;
			children = (
				AB747482257AC24100D2A534 /* FileStorage.swift */,
				AB747483257AC24200D2A534 /* FirebaseReference.swift */,
			);
			path = FirebaseListeners;
			sourceTree = "<group>";
		};
		ABCB2616257CE52700AAFF51 /* User */ = {
			isa = PBXGroup;
			children = (
				ABCB261E257CEE9D00AAFF51 /* AuthenticationVeiw.swift */,
				ABCB2620257CEE9E00AAFF51 /* LoginView.swift */,
				ABCB261F257CEE9D00AAFF51 /* ProfileSetting.swift */,
				ABCB2621257CEE9F00AAFF51 /* SignupView.swift */,
				ABCB261B257CE84F00AAFF51 /* UserVM.swift */,
			);
			path = User;
			sourceTree = "<group>";
		};
		ABCB2627257D63C500AAFF51 /* HelperView */ = {
			isa = PBXGroup;
			children = (
				ABCB2628257D63E900AAFF51 /* ShowInfoView.swift */,
				ABCB262C257E1C8A00AAFF51 /* showInfoVM.swift */,
				AB4AABE7257F71FE0004EC58 /* HeaderView.swift */,
				AB4AABEA257F79DC0004EC58 /* ButtonView.swift */,
				AB4AABEE257F7AD80004EC58 /* IconView.swift */,
				AB4AABF1257F921E0004EC58 /* CustomTabSwitcher.swift */,
			);
			path = HelperView;
			sourceTree = "<group>";
		};
		B10F02E7040815E476C09207 /* Pods */ = {
			isa = PBXGroup;
			children = (
				6F3EFFFCA4BFBE3C81BD83BC /* Pods-SwiftUI-TodoList-Firebase.debug.xcconfig */,
				72C54CE1FD81D51D40481A95 /* Pods-SwiftUI-TodoList-Firebase.release.xcconfig */,
			);
			path = Pods;
			sourceTree = "<group>";
		};
		DE83D278D12B2C105BD73E33 /* Frameworks */ = {
			isa = PBXGroup;
			children = (
				84A1CF2C06AAD080B23BB316 /* Pods_SwiftUI_TodoList_Firebase.framework */,
			);
			name = Frameworks;
			sourceTree = "<group>";
		};
/* End PBXGroup section */

/* Begin PBXNativeTarget section */
		AB74744D257A613400D2A534 /* SwiftUI-TodoList-Firebase */ = {
			isa = PBXNativeTarget;
			buildConfigurationList = AB747462257A613800D2A534 /* Build configuration list for PBXNativeTarget "SwiftUI-TodoList-Firebase" */;
			buildPhases = (
				120B2AAA91CC0873F054516D /* [CP] Check Pods Manifest.lock */,
				AB74744A257A613400D2A534 /* Sources */,
				AB74744B257A613400D2A534 /* Frameworks */,
				AB74744C257A613400D2A534 /* Resources */,
				96747D1BECB81590831F841C /* [CP] Embed Pods Frameworks */,
			);
			buildRules = (
			);
			dependencies = (
			);
			name = "SwiftUI-TodoList-Firebase";
			productName = "SwiftUI-TodoList-Firebase";
			productReference = AB74744E257A613400D2A534 /* SwiftUI-TodoList-Firebase.app */;
			productType = "com.apple.product-type.application";
		};
/* End PBXNativeTarget section */

/* Begin PBXProject section */
		AB747446257A613400D2A534 /* Project object */ = {
			isa = PBXProject;
			attributes = {
				LastSwiftUpdateCheck = 1220;
				LastUpgradeCheck = 1220;
				TargetAttributes = {
					AB74744D257A613400D2A534 = {
						CreatedOnToolsVersion = 12.2;
					};
				};
			};
			buildConfigurationList = AB747449257A613400D2A534 /* Build configuration list for PBXProject "SwiftUI-TodoList-Firebase" */;
			compatibilityVersion = "Xcode 9.3";
			developmentRegion = en;
			hasScannedForEncodings = 0;
			knownRegions = (
				en,
				Base,
			);
			mainGroup = AB747445257A613400D2A534;
			productRefGroup = AB74744F257A613400D2A534 /* Products */;
			projectDirPath = "";
			projectRoot = "";
			targets = (
				AB74744D257A613400D2A534 /* SwiftUI-TodoList-Firebase */,
			);
		};
/* End PBXProject section */

/* Begin PBXResourcesBuildPhase section */
		AB74744C257A613400D2A534 /* Resources */ = {
			isa = PBXResourcesBuildPhase;
			buildActionMask = 2147483647;
			files = (
				AB74745E257A613800D2A534 /* LaunchScreen.storyboard in Resources */,
				AB7474A1257AC42300D2A534 /* GoogleService-Info.plist in Resources */,
				AB74745B257A613800D2A534 /* Preview Assets.xcassets in Resources */,
				AB747458257A613800D2A534 /* Assets.xcassets in Resources */,
			);
			runOnlyForDeploymentPostprocessing = 0;
		};
/* End PBXResourcesBuildPhase section */

/* Begin PBXShellScriptBuildPhase section */
		120B2AAA91CC0873F054516D /* [CP] Check Pods Manifest.lock */ = {
			isa = PBXShellScriptBuildPhase;
			buildActionMask = 2147483647;
			files = (
			);
			inputFileListPaths = (
			);
			inputPaths = (
				"${PODS_PODFILE_DIR_PATH}/Podfile.lock",
				"${PODS_ROOT}/Manifest.lock",
			);
			name = "[CP] Check Pods Manifest.lock";
			outputFileListPaths = (
			);
			outputPaths = (
				"$(DERIVED_FILE_DIR)/Pods-SwiftUI-TodoList-Firebase-checkManifestLockResult.txt",
			);
			runOnlyForDeploymentPostprocessing = 0;
			shellPath = /bin/sh;
			shellScript = "diff \"${PODS_PODFILE_DIR_PATH}/Podfile.lock\" \"${PODS_ROOT}/Manifest.lock\" > /dev/null\nif [ $? != 0 ] ; then\n    # print error to STDERR\n    echo \"error: The sandbox is not in sync with the Podfile.lock. Run 'pod install' or update your CocoaPods installation.\" >&2\n    exit 1\nfi\n# This output is used by Xcode 'outputs' to avoid re-running this script phase.\necho \"SUCCESS\" > \"${SCRIPT_OUTPUT_FILE_0}\"\n";
			showEnvVarsInLog = 0;
		};
		96747D1BECB81590831F841C /* [CP] Embed Pods Frameworks */ = {
			isa = PBXShellScriptBuildPhase;
			buildActionMask = 2147483647;
			files = (
			);
			inputFileListPaths = (
				"${PODS_ROOT}/Target Support Files/Pods-SwiftUI-TodoList-Firebase/Pods-SwiftUI-TodoList-Firebase-frameworks-${CONFIGURATION}-input-files.xcfilelist",
			);
			name = "[CP] Embed Pods Frameworks";
			outputFileListPaths = (
				"${PODS_ROOT}/Target Support Files/Pods-SwiftUI-TodoList-Firebase/Pods-SwiftUI-TodoList-Firebase-frameworks-${CONFIGURATION}-output-files.xcfilelist",
			);
			runOnlyForDeploymentPostprocessing = 0;
			shellPath = /bin/sh;
			shellScript = "\"${PODS_ROOT}/Target Support Files/Pods-SwiftUI-TodoList-Firebase/Pods-SwiftUI-TodoList-Firebase-frameworks.sh\"\n";
			showEnvVarsInLog = 0;
		};
/* End PBXShellScriptBuildPhase section */

/* Begin PBXSourcesBuildPhase section */
		AB74744A257A613400D2A534 /* Sources */ = {
			isa = PBXSourcesBuildPhase;
			buildActionMask = 2147483647;
			files = (
				ABCB2625257CEE9F00AAFF51 /* SignupView.swift in Sources */,
				AB4AABD6257ED6100004EC58 /* TodoItems.swift in Sources */,
				AB747473257A627200D2A534 /* TodoVM.swift in Sources */,
				AB4AABEF257F7AD80004EC58 /* IconView.swift in Sources */,
				ABCB261C257CE84F00AAFF51 /* UserVM.swift in Sources */,
				ABCB2622257CEE9F00AAFF51 /* AuthenticationVeiw.swift in Sources */,
				ABCB2629257D63E900AAFF51 /* ShowInfoView.swift in Sources */,
				AB747484257AC24200D2A534 /* FileStorage.swift in Sources */,
				AB4AAC54257FF3D20004EC58 /* TodoItemForm.swift in Sources */,
				AB4AABE8257F71FE0004EC58 /* HeaderView.swift in Sources */,
				AB4AABEB257F79DC0004EC58 /* ButtonView.swift in Sources */,
				AB747469257A61DA00D2A534 /* todoListIndex.swift in Sources */,
				AB4AAC50257FDA1D0004EC58 /* TodoListIndexView.swift in Sources */,
				AB4AAC7A258023ED0004EC58 /* TodoItemCheckBox.swift in Sources */,
				AB747488257AC25700D2A534 /* Extension.swift in Sources */,
				AB4AABD9257ED7500004EC58 /* TodoItemsVM.swift in Sources */,
				AB747452257A613400D2A534 /* AppDelegate.swift in Sources */,
				ABCB2618257CE53E00AAFF51 /* UserModel.swift in Sources */,
				AB4AABF2257F921E0004EC58 /* CustomTabSwitcher.swift in Sources */,
				AB747476257A6B5D00D2A534 /* TodoListForm.swift in Sources */,
				AB747485257AC24200D2A534 /* FirebaseReference.swift in Sources */,
				ABCB2624257CEE9F00AAFF51 /* LoginView.swift in Sources */,
				AB747454257A613400D2A534 /* SceneDelegate.swift in Sources */,
				AB747472257A627200D2A534 /* TodoListCheckBox.swift in Sources */,
				AB4AABDC257ED7B30004EC58 /* TodoItemModel.swift in Sources */,
				ABCB262D257E1C8A00AAFF51 /* showInfoVM.swift in Sources */,
				AB747471257A627200D2A534 /* TodoModel.swift in Sources */,
				AB74747A257A6BED00D2A534 /* Constant.swift in Sources */,
				ABCB2623257CEE9F00AAFF51 /* ProfileSetting.swift in Sources */,
				AB747456257A613400D2A534 /* HomeView.swift in Sources */,
			);
			runOnlyForDeploymentPostprocessing = 0;
		};
/* End PBXSourcesBuildPhase section */

/* Begin PBXVariantGroup section */
		AB74745C257A613800D2A534 /* LaunchScreen.storyboard */ = {
			isa = PBXVariantGroup;
			children = (
				AB74745D257A613800D2A534 /* Base */,
			);
			name = LaunchScreen.storyboard;
			sourceTree = "<group>";
		};
/* End PBXVariantGroup section */

/* Begin XCBuildConfiguration section */
		AB747460257A613800D2A534 /* Debug */ = {
			isa = XCBuildConfiguration;
			buildSettings = {
				ALWAYS_SEARCH_USER_PATHS = NO;
				CLANG_ANALYZER_NONNULL = YES;
				CLANG_ANALYZER_NUMBER_OBJECT_CONVERSION = YES_AGGRESSIVE;
				CLANG_CXX_LANGUAGE_STANDARD = "gnu++14";
				CLANG_CXX_LIBRARY = "libc++";
				CLANG_ENABLE_MODULES = YES;
				CLANG_ENABLE_OBJC_ARC = YES;
				CLANG_ENABLE_OBJC_WEAK = YES;
				CLANG_WARN_BLOCK_CAPTURE_AUTORELEASING = YES;
				CLANG_WARN_BOOL_CONVERSION = YES;
				CLANG_WARN_COMMA = YES;
				CLANG_WARN_CONSTANT_CONVERSION = YES;
				CLANG_WARN_DEPRECATED_OBJC_IMPLEMENTATIONS = YES;
				CLANG_WARN_DIRECT_OBJC_ISA_USAGE = YES_ERROR;
				CLANG_WARN_DOCUMENTATION_COMMENTS = YES;
				CLANG_WARN_EMPTY_BODY = YES;
				CLANG_WARN_ENUM_CONVERSION = YES;
				CLANG_WARN_INFINITE_RECURSION = YES;
				CLANG_WARN_INT_CONVERSION = YES;
				CLANG_WARN_NON_LITERAL_NULL_CONVERSION = YES;
				CLANG_WARN_OBJC_IMPLICIT_RETAIN_SELF = YES;
				CLANG_WARN_OBJC_LITERAL_CONVERSION = YES;
				CLANG_WARN_OBJC_ROOT_CLASS = YES_ERROR;
				CLANG_WARN_QUOTED_INCLUDE_IN_FRAMEWORK_HEADER = YES;
				CLANG_WARN_RANGE_LOOP_ANALYSIS = YES;
				CLANG_WARN_STRICT_PROTOTYPES = YES;
				CLANG_WARN_SUSPICIOUS_MOVE = YES;
				CLANG_WARN_UNGUARDED_AVAILABILITY = YES_AGGRESSIVE;
				CLANG_WARN_UNREACHABLE_CODE = YES;
				CLANG_WARN__DUPLICATE_METHOD_MATCH = YES;
				COPY_PHASE_STRIP = NO;
				DEBUG_INFORMATION_FORMAT = dwarf;
				ENABLE_STRICT_OBJC_MSGSEND = YES;
				ENABLE_TESTABILITY = YES;
				GCC_C_LANGUAGE_STANDARD = gnu11;
				GCC_DYNAMIC_NO_PIC = NO;
				GCC_NO_COMMON_BLOCKS = YES;
				GCC_OPTIMIZATION_LEVEL = 0;
				GCC_PREPROCESSOR_DEFINITIONS = (
					"DEBUG=1",
					"$(inherited)",
				);
				GCC_WARN_64_TO_32_BIT_CONVERSION = YES;
				GCC_WARN_ABOUT_RETURN_TYPE = YES_ERROR;
				GCC_WARN_UNDECLARED_SELECTOR = YES;
				GCC_WARN_UNINITIALIZED_AUTOS = YES_AGGRESSIVE;
				GCC_WARN_UNUSED_FUNCTION = YES;
				GCC_WARN_UNUSED_VARIABLE = YES;
				IPHONEOS_DEPLOYMENT_TARGET = 14.2;
				MTL_ENABLE_DEBUG_INFO = INCLUDE_SOURCE;
				MTL_FAST_MATH = YES;
				ONLY_ACTIVE_ARCH = YES;
				SDKROOT = iphoneos;
				SWIFT_ACTIVE_COMPILATION_CONDITIONS = DEBUG;
				SWIFT_OPTIMIZATION_LEVEL = "-Onone";
			};
			name = Debug;
		};
		AB747461257A613800D2A534 /* Release */ = {
			isa = XCBuildConfiguration;
			buildSettings = {
				ALWAYS_SEARCH_USER_PATHS = NO;
				CLANG_ANALYZER_NONNULL = YES;
				CLANG_ANALYZER_NUMBER_OBJECT_CONVERSION = YES_AGGRESSIVE;
				CLANG_CXX_LANGUAGE_STANDARD = "gnu++14";
				CLANG_CXX_LIBRARY = "libc++";
				CLANG_ENABLE_MODULES = YES;
				CLANG_ENABLE_OBJC_ARC = YES;
				CLANG_ENABLE_OBJC_WEAK = YES;
				CLANG_WARN_BLOCK_CAPTURE_AUTORELEASING = YES;
				CLANG_WARN_BOOL_CONVERSION = YES;
				CLANG_WARN_COMMA = YES;
				CLANG_WARN_CONSTANT_CONVERSION = YES;
				CLANG_WARN_DEPRECATED_OBJC_IMPLEMENTATIONS = YES;
				CLANG_WARN_DIRECT_OBJC_ISA_USAGE = YES_ERROR;
				CLANG_WARN_DOCUMENTATION_COMMENTS = YES;
				CLANG_WARN_EMPTY_BODY = YES;
				CLANG_WARN_ENUM_CONVERSION = YES;
				CLANG_WARN_INFINITE_RECURSION = YES;
				CLANG_WARN_INT_CONVERSION = YES;
				CLANG_WARN_NON_LITERAL_NULL_CONVERSION = YES;
				CLANG_WARN_OBJC_IMPLICIT_RETAIN_SELF = YES;
				CLANG_WARN_OBJC_LITERAL_CONVERSION = YES;
				CLANG_WARN_OBJC_ROOT_CLASS = YES_ERROR;
				CLANG_WARN_QUOTED_INCLUDE_IN_FRAMEWORK_HEADER = YES;
				CLANG_WARN_RANGE_LOOP_ANALYSIS = YES;
				CLANG_WARN_STRICT_PROTOTYPES = YES;
				CLANG_WARN_SUSPICIOUS_MOVE = YES;
				CLANG_WARN_UNGUARDED_AVAILABILITY = YES_AGGRESSIVE;
				CLANG_WARN_UNREACHABLE_CODE = YES;
				CLANG_WARN__DUPLICATE_METHOD_MATCH = YES;
				COPY_PHASE_STRIP = NO;
				DEBUG_INFORMATION_FORMAT = "dwarf-with-dsym";
				ENABLE_NS_ASSERTIONS = NO;
				ENABLE_STRICT_OBJC_MSGSEND = YES;
				GCC_C_LANGUAGE_STANDARD = gnu11;
				GCC_NO_COMMON_BLOCKS = YES;
				GCC_WARN_64_TO_32_BIT_CONVERSION = YES;
				GCC_WARN_ABOUT_RETURN_TYPE = YES_ERROR;
				GCC_WARN_UNDECLARED_SELECTOR = YES;
				GCC_WARN_UNINITIALIZED_AUTOS = YES_AGGRESSIVE;
				GCC_WARN_UNUSED_FUNCTION = YES;
				GCC_WARN_UNUSED_VARIABLE = YES;
				IPHONEOS_DEPLOYMENT_TARGET = 14.2;
				MTL_ENABLE_DEBUG_INFO = NO;
				MTL_FAST_MATH = YES;
				SDKROOT = iphoneos;
				SWIFT_COMPILATION_MODE = wholemodule;
				SWIFT_OPTIMIZATION_LEVEL = "-O";
				VALIDATE_PRODUCT = YES;
			};
			name = Release;
		};
		AB747463257A613800D2A534 /* Debug */ = {
			isa = XCBuildConfiguration;
			baseConfigurationReference = 6F3EFFFCA4BFBE3C81BD83BC /* Pods-SwiftUI-TodoList-Firebase.debug.xcconfig */;
			buildSettings = {
				ASSETCATALOG_COMPILER_APPICON_NAME = AppIcon;
				ASSETCATALOG_COMPILER_GLOBAL_ACCENT_COLOR_NAME = AccentColor;
				CODE_SIGN_STYLE = Automatic;
				DEVELOPMENT_ASSET_PATHS = "\"SwiftUI-TodoList-Firebase/Preview Content\"";
				DEVELOPMENT_TEAM = ZD74G4QNW2;
				ENABLE_PREVIEWS = YES;
				INFOPLIST_FILE = "SwiftUI-TodoList-Firebase/Info.plist";
				LD_RUNPATH_SEARCH_PATHS = (
					"$(inherited)",
					"@executable_path/Frameworks",
				);
				PRODUCT_BUNDLE_IDENTIFIER = "com.wgoweb.SwiftUI-TodoList-Firebase";
				PRODUCT_NAME = "$(TARGET_NAME)";
				SWIFT_VERSION = 5.0;
				TARGETED_DEVICE_FAMILY = "1,2";
			};
			name = Debug;
		};
		AB747464257A613800D2A534 /* Release */ = {
			isa = XCBuildConfiguration;
			baseConfigurationReference = 72C54CE1FD81D51D40481A95 /* Pods-SwiftUI-TodoList-Firebase.release.xcconfig */;
			buildSettings = {
				ASSETCATALOG_COMPILER_APPICON_NAME = AppIcon;
				ASSETCATALOG_COMPILER_GLOBAL_ACCENT_COLOR_NAME = AccentColor;
				CODE_SIGN_STYLE = Automatic;
				DEVELOPMENT_ASSET_PATHS = "\"SwiftUI-TodoList-Firebase/Preview Content\"";
				DEVELOPMENT_TEAM = ZD74G4QNW2;
				ENABLE_PREVIEWS = YES;
				INFOPLIST_FILE = "SwiftUI-TodoList-Firebase/Info.plist";
				LD_RUNPATH_SEARCH_PATHS = (
					"$(inherited)",
					"@executable_path/Frameworks",
				);
				PRODUCT_BUNDLE_IDENTIFIER = "com.wgoweb.SwiftUI-TodoList-Firebase";
				PRODUCT_NAME = "$(TARGET_NAME)";
				SWIFT_VERSION = 5.0;
				TARGETED_DEVICE_FAMILY = "1,2";
			};
			name = Release;
		};
/* End XCBuildConfiguration section */

/* Begin XCConfigurationList section */
		AB747449257A613400D2A534 /* Build configuration list for PBXProject "SwiftUI-TodoList-Firebase" */ = {
			isa = XCConfigurationList;
			buildConfigurations = (
				AB747460257A613800D2A534 /* Debug */,
				AB747461257A613800D2A534 /* Release */,
			);
			defaultConfigurationIsVisible = 0;
			defaultConfigurationName = Release;
		};
		AB747462257A613800D2A534 /* Build configuration list for PBXNativeTarget "SwiftUI-TodoList-Firebase" */ = {
			isa = XCConfigurationList;
			buildConfigurations = (
				AB747463257A613800D2A534 /* Debug */,
				AB747464257A613800D2A534 /* Release */,
			);
			defaultConfigurationIsVisible = 0;
			defaultConfigurationName = Release;
		};
/* End XCConfigurationList section */
	};
	rootObject = AB747446257A613400D2A534 /* Project object */;
}
